
Microsoft Visual Studio Solution File, Format Version 12.00
# Visual Studio Version 16
VisualStudioVersion = 16.0.28729.10
MinimumVisualStudioVersion = 10.0.40219.1
Project("{9A19103F-16F7-4668-BE54-9A1E7A4F7556}") = "ListenerX", "ListenerX\ListenerX.csproj", "{843F9A14-C710-4EAD-854B-B8C04B9270C9}"
EndProject
Project("{2150E333-8FDC-42A3-9474-1A3956D46DE8}") = "Solution Items", "Solution Items", "{0506461C-E4D8-4333-AFD9-3164C3259E7B}"
	ProjectSection(SolutionItems) = preProject
		.editorconfig = .editorconfig
	EndProjectSection
EndProject
Project("{9A19103F-16F7-4668-BE54-9A1E7A4F7556}") = "Listener.Core.Framework", "Listener.Core.Framework\Listener.Core.Framework.csproj", "{C2C24ED5-D802-4AC0-9E06-6E3D00EAF895}"
EndProject
Project("{9A19103F-16F7-4668-BE54-9A1E7A4F7556}") = "Listener.Player.Spotify", "Listener.Player.Spotify\Listener.Player.Spotify.csproj", "{7064FA7B-102F-4883-A75F-EA969F9EC272}"
EndProject
Project("{9A19103F-16F7-4668-BE54-9A1E7A4F7556}") = "Listener.ImageProcessing", "Listener.ImageProcessing\Listener.ImageProcessing.csproj", "{868E0F87-0F7F-4D5C-8FEB-95895051066C}"
EndProject
Project("{9A19103F-16F7-4668-BE54-9A1E7A4F7556}") = "Listener.Player.AppleMusic", "Listener.Player.AppleMusic\Listener.Player.AppleMusic.csproj", "{5F8004BB-F796-42D4-97DC-F35C1FA0D7FF}"
EndProject
Project("{2150E333-8FDC-42A3-9474-1A3956D46DE8}") = "Plugins", "Plugins", "{F9120AAC-CAA1-4088-81D1-D33EEBDB02D9}"
EndProject
Project("{9A19103F-16F7-4668-BE54-9A1E7A4F7556}") = "Listener.Plugin.Log", "Plugins\Listener.Plugin.Log\Listener.Plugin.Log.csproj", "{ADC9AAAC-52C3-4926-9FD3-476D69C40D6F}"
EndProject
Project("{9A19103F-16F7-4668-BE54-9A1E7A4F7556}") = "Listener.Plugin.ChromaEffect", "Listener.Plugin.Razer\Listener.Plugin.ChromaEffect.csproj", "{EDD8E9C9-6E1F-4661-ABAA-D9512D46C814}"
EndProject
Project("{9A19103F-16F7-4668-BE54-9A1E7A4F7556}") = "Listener.Plugin.Razer.Whitebow", "Plugins\Listener.Plugin.Razer.Whitebow\Listener.Plugin.Razer.Whitebow.csproj", "{B1C4F3FA-EB77-4F09-877F-9BF2E6AEB1EF}"
EndProject
Project("{9A19103F-16F7-4668-BE54-9A1E7A4F7556}") = "Listener.Plugin.Razer.Symmetry", "Plugins\Listener.Plugin.Razer.Symmetry\Listener.Plugin.Razer.Symmetry.csproj", "{332491CE-D200-46C8-BEB9-4D82D7773743}"
EndProject
Project("{9A19103F-16F7-4668-BE54-9A1E7A4F7556}") = "Listener.Plugin.Razer.SymmetryReverse", "Plugins\Listener.Plugin.Razer.SymmetryReverse\Listener.Plugin.Razer.SymmetryReverse.csproj", "{0BB4970E-ED6A-4C1F-805A-AFAD3B471014}"
EndProject
Project("{9A19103F-16F7-4668-BE54-9A1E7A4F7556}") = "Listener.Plugin.Razer.DebugGrid", "Plugins\Listener.Plugin.Razer.DebugGrid\Listener.Plugin.Razer.DebugGrid.csproj", "{F9BB01F2-C2A9-43CD-B48D-D61953F047D3}"
EndProject
Project("{9A19103F-16F7-4668-BE54-9A1E7A4F7556}") = "Listener.Plugin.Razer.CustomizableVisualizer", "Plugins\Listener.Plugin.Razer.CustomizableVisualizer\Listener.Plugin.Razer.CustomizableVisualizer.csproj", "{2F2A2224-9B93-4259-8C0D-70926A6BE515}"
EndProject
Project("{9A19103F-16F7-4668-BE54-9A1E7A4F7556}") = "Listener.Plugin.Rgb.Explodier", "Plugins\Listener.Plugin.Rgb.Explodier\Listener.Plugin.Rgb.Explodier.csproj", "{9F76F940-9CEB-4F47-814F-1DA61DE754B9}"
EndProject
Project("{2150E333-8FDC-42A3-9474-1A3956D46DE8}") = "Submodules", "Submodules", "{F7330D54-A40C-44E4-A248-663BE114B9B6}"
EndProject
Project("{9A19103F-16F7-4668-BE54-9A1E7A4F7556}") = "VirtualGrid", "Submodules\VirtualGrid\VirtualGrid\VirtualGrid.csproj", "{5C7FBF88-3345-43E4-B366-F95AF56FB42A}"
EndProject
Project("{9A19103F-16F7-4668-BE54-9A1E7A4F7556}") = "VirtualGrid.Asus", "Submodules\VirtualGrid\VirtualGrid.Asus\VirtualGrid.Asus.csproj", "{2E2DA6F5-2816-4135-AB6B-52917F7E7FB5}"
EndProject
Project("{9A19103F-16F7-4668-BE54-9A1E7A4F7556}") = "VirtualGrid.Razer", "Submodules\VirtualGrid\VirtualGrid.Razer\VirtualGrid.Razer.csproj", "{173BD9C5-758C-49EA-868F-6E12C099DB7F}"
EndProject
Global
	GlobalSection(SolutionConfigurationPlatforms) = preSolution
		Debug|Any CPU = Debug|Any CPU
		Debug|x64 = Debug|x64
		Debug|x86 = Debug|x86
		Release|Any CPU = Release|Any CPU
		Release|x64 = Release|x64
		Release|x86 = Release|x86
	EndGlobalSection
	GlobalSection(ProjectConfigurationPlatforms) = postSolution
		{843F9A14-C710-4EAD-854B-B8C04B9270C9}.Debug|Any CPU.ActiveCfg = Debug|Any CPU
		{843F9A14-C710-4EAD-854B-B8C04B9270C9}.Debug|Any CPU.Build.0 = Debug|Any CPU
		{843F9A14-C710-4EAD-854B-B8C04B9270C9}.Debug|x64.ActiveCfg = Debug|Any CPU
		{843F9A14-C710-4EAD-854B-B8C04B9270C9}.Debug|x64.Build.0 = Debug|Any CPU
		{843F9A14-C710-4EAD-854B-B8C04B9270C9}.Debug|x86.ActiveCfg = Debug|Any CPU
		{843F9A14-C710-4EAD-854B-B8C04B9270C9}.Debug|x86.Build.0 = Debug|Any CPU
		{843F9A14-C710-4EAD-854B-B8C04B9270C9}.Release|Any CPU.ActiveCfg = Release|Any CPU
		{843F9A14-C710-4EAD-854B-B8C04B9270C9}.Release|Any CPU.Build.0 = Release|Any CPU
		{843F9A14-C710-4EAD-854B-B8C04B9270C9}.Release|x64.ActiveCfg = Release|Any CPU
		{843F9A14-C710-4EAD-854B-B8C04B9270C9}.Release|x64.Build.0 = Release|Any CPU
		{843F9A14-C710-4EAD-854B-B8C04B9270C9}.Release|x86.ActiveCfg = Release|x86
		{843F9A14-C710-4EAD-854B-B8C04B9270C9}.Release|x86.Build.0 = Release|x86
		{C2C24ED5-D802-4AC0-9E06-6E3D00EAF895}.Debug|Any CPU.ActiveCfg = Debug|Any CPU
		{C2C24ED5-D802-4AC0-9E06-6E3D00EAF895}.Debug|Any CPU.Build.0 = Debug|Any CPU
		{C2C24ED5-D802-4AC0-9E06-6E3D00EAF895}.Debug|x64.ActiveCfg = Debug|Any CPU
		{C2C24ED5-D802-4AC0-9E06-6E3D00EAF895}.Debug|x64.Build.0 = Debug|Any CPU
		{C2C24ED5-D802-4AC0-9E06-6E3D00EAF895}.Debug|x86.ActiveCfg = Debug|x86
		{C2C24ED5-D802-4AC0-9E06-6E3D00EAF895}.Debug|x86.Build.0 = Debug|x86
		{C2C24ED5-D802-4AC0-9E06-6E3D00EAF895}.Release|Any CPU.ActiveCfg = Release|Any CPU
		{C2C24ED5-D802-4AC0-9E06-6E3D00EAF895}.Release|Any CPU.Build.0 = Release|Any CPU
		{C2C24ED5-D802-4AC0-9E06-6E3D00EAF895}.Release|x64.ActiveCfg = Release|Any CPU
		{C2C24ED5-D802-4AC0-9E06-6E3D00EAF895}.Release|x64.Build.0 = Release|Any CPU
		{C2C24ED5-D802-4AC0-9E06-6E3D00EAF895}.Release|x86.ActiveCfg = Release|x86
		{C2C24ED5-D802-4AC0-9E06-6E3D00EAF895}.Release|x86.Build.0 = Release|x86
		{7064FA7B-102F-4883-A75F-EA969F9EC272}.Debug|Any CPU.ActiveCfg = Debug|Any CPU
		{7064FA7B-102F-4883-A75F-EA969F9EC272}.Debug|Any CPU.Build.0 = Debug|Any CPU
		{7064FA7B-102F-4883-A75F-EA969F9EC272}.Debug|x64.ActiveCfg = Debug|Any CPU
		{7064FA7B-102F-4883-A75F-EA969F9EC272}.Debug|x64.Build.0 = Debug|Any CPU
		{7064FA7B-102F-4883-A75F-EA969F9EC272}.Debug|x86.ActiveCfg = Debug|x86
		{7064FA7B-102F-4883-A75F-EA969F9EC272}.Debug|x86.Build.0 = Debug|x86
		{7064FA7B-102F-4883-A75F-EA969F9EC272}.Release|Any CPU.ActiveCfg = Release|Any CPU
		{7064FA7B-102F-4883-A75F-EA969F9EC272}.Release|Any CPU.Build.0 = Release|Any CPU
		{7064FA7B-102F-4883-A75F-EA969F9EC272}.Release|x64.ActiveCfg = Release|Any CPU
		{7064FA7B-102F-4883-A75F-EA969F9EC272}.Release|x64.Build.0 = Release|Any CPU
		{7064FA7B-102F-4883-A75F-EA969F9EC272}.Release|x86.ActiveCfg = Release|x86
		{7064FA7B-102F-4883-A75F-EA969F9EC272}.Release|x86.Build.0 = Release|x86
		{868E0F87-0F7F-4D5C-8FEB-95895051066C}.Debug|Any CPU.ActiveCfg = Debug|Any CPU
		{868E0F87-0F7F-4D5C-8FEB-95895051066C}.Debug|Any CPU.Build.0 = Debug|Any CPU
		{868E0F87-0F7F-4D5C-8FEB-95895051066C}.Debug|x64.ActiveCfg = Debug|Any CPU
		{868E0F87-0F7F-4D5C-8FEB-95895051066C}.Debug|x64.Build.0 = Debug|Any CPU
		{868E0F87-0F7F-4D5C-8FEB-95895051066C}.Debug|x86.ActiveCfg = Debug|x86
		{868E0F87-0F7F-4D5C-8FEB-95895051066C}.Debug|x86.Build.0 = Debug|x86
		{868E0F87-0F7F-4D5C-8FEB-95895051066C}.Release|Any CPU.ActiveCfg = Release|Any CPU
		{868E0F87-0F7F-4D5C-8FEB-95895051066C}.Release|Any CPU.Build.0 = Release|Any CPU
		{868E0F87-0F7F-4D5C-8FEB-95895051066C}.Release|x64.ActiveCfg = Release|Any CPU
		{868E0F87-0F7F-4D5C-8FEB-95895051066C}.Release|x64.Build.0 = Release|Any CPU
		{868E0F87-0F7F-4D5C-8FEB-95895051066C}.Release|x86.ActiveCfg = Release|x86
		{868E0F87-0F7F-4D5C-8FEB-95895051066C}.Release|x86.Build.0 = Release|x86
		{5F8004BB-F796-42D4-97DC-F35C1FA0D7FF}.Debug|Any CPU.ActiveCfg = Debug|Any CPU
		{5F8004BB-F796-42D4-97DC-F35C1FA0D7FF}.Debug|Any CPU.Build.0 = Debug|Any CPU
		{5F8004BB-F796-42D4-97DC-F35C1FA0D7FF}.Debug|x64.ActiveCfg = Debug|Any CPU
		{5F8004BB-F796-42D4-97DC-F35C1FA0D7FF}.Debug|x64.Build.0 = Debug|Any CPU
		{5F8004BB-F796-42D4-97DC-F35C1FA0D7FF}.Debug|x86.ActiveCfg = Debug|x86
		{5F8004BB-F796-42D4-97DC-F35C1FA0D7FF}.Debug|x86.Build.0 = Debug|x86
		{5F8004BB-F796-42D4-97DC-F35C1FA0D7FF}.Release|Any CPU.ActiveCfg = Release|Any CPU
		{5F8004BB-F796-42D4-97DC-F35C1FA0D7FF}.Release|Any CPU.Build.0 = Release|Any CPU
		{5F8004BB-F796-42D4-97DC-F35C1FA0D7FF}.Release|x64.ActiveCfg = Release|Any CPU
		{5F8004BB-F796-42D4-97DC-F35C1FA0D7FF}.Release|x64.Build.0 = Release|Any CPU
		{5F8004BB-F796-42D4-97DC-F35C1FA0D7FF}.Release|x86.ActiveCfg = Release|x86
		{5F8004BB-F796-42D4-97DC-F35C1FA0D7FF}.Release|x86.Build.0 = Release|x86
		{ADC9AAAC-52C3-4926-9FD3-476D69C40D6F}.Debug|Any CPU.ActiveCfg = Debug|Any CPU
		{ADC9AAAC-52C3-4926-9FD3-476D69C40D6F}.Debug|Any CPU.Build.0 = Debug|Any CPU
		{ADC9AAAC-52C3-4926-9FD3-476D69C40D6F}.Debug|x64.ActiveCfg = Debug|Any CPU
		{ADC9AAAC-52C3-4926-9FD3-476D69C40D6F}.Debug|x64.Build.0 = Debug|Any CPU
		{ADC9AAAC-52C3-4926-9FD3-476D69C40D6F}.Debug|x86.ActiveCfg = Debug|Any CPU
		{ADC9AAAC-52C3-4926-9FD3-476D69C40D6F}.Debug|x86.Build.0 = Debug|Any CPU
		{ADC9AAAC-52C3-4926-9FD3-476D69C40D6F}.Release|Any CPU.ActiveCfg = Release|Any CPU
		{ADC9AAAC-52C3-4926-9FD3-476D69C40D6F}.Release|Any CPU.Build.0 = Release|Any CPU
		{ADC9AAAC-52C3-4926-9FD3-476D69C40D6F}.Release|x64.ActiveCfg = Release|Any CPU
		{ADC9AAAC-52C3-4926-9FD3-476D69C40D6F}.Release|x64.Build.0 = Release|Any CPU
		{ADC9AAAC-52C3-4926-9FD3-476D69C40D6F}.Release|x86.ActiveCfg = Release|Any CPU
		{ADC9AAAC-52C3-4926-9FD3-476D69C40D6F}.Release|x86.Build.0 = Release|Any CPU
		{EDD8E9C9-6E1F-4661-ABAA-D9512D46C814}.Debug|Any CPU.ActiveCfg = Debug|Any CPU
		{EDD8E9C9-6E1F-4661-ABAA-D9512D46C814}.Debug|Any CPU.Build.0 = Debug|Any CPU
		{EDD8E9C9-6E1F-4661-ABAA-D9512D46C814}.Debug|x64.ActiveCfg = Debug|Any CPU
		{EDD8E9C9-6E1F-4661-ABAA-D9512D46C814}.Debug|x64.Build.0 = Debug|Any CPU
		{EDD8E9C9-6E1F-4661-ABAA-D9512D46C814}.Debug|x86.ActiveCfg = Debug|Any CPU
		{EDD8E9C9-6E1F-4661-ABAA-D9512D46C814}.Debug|x86.Build.0 = Debug|Any CPU
		{EDD8E9C9-6E1F-4661-ABAA-D9512D46C814}.Release|Any CPU.ActiveCfg = Release|Any CPU
		{EDD8E9C9-6E1F-4661-ABAA-D9512D46C814}.Release|Any CPU.Build.0 = Release|Any CPU
		{EDD8E9C9-6E1F-4661-ABAA-D9512D46C814}.Release|x64.ActiveCfg = Release|Any CPU
		{EDD8E9C9-6E1F-4661-ABAA-D9512D46C814}.Release|x64.Build.0 = Release|Any CPU
		{EDD8E9C9-6E1F-4661-ABAA-D9512D46C814}.Release|x86.ActiveCfg = Release|Any CPU
		{EDD8E9C9-6E1F-4661-ABAA-D9512D46C814}.Release|x86.Build.0 = Release|Any CPU
		{B1C4F3FA-EB77-4F09-877F-9BF2E6AEB1EF}.Debug|Any CPU.ActiveCfg = Debug|Any CPU
		{B1C4F3FA-EB77-4F09-877F-9BF2E6AEB1EF}.Debug|Any CPU.Build.0 = Debug|Any CPU
		{B1C4F3FA-EB77-4F09-877F-9BF2E6AEB1EF}.Debug|x64.ActiveCfg = Debug|Any CPU
		{B1C4F3FA-EB77-4F09-877F-9BF2E6AEB1EF}.Debug|x64.Build.0 = Debug|Any CPU
		{B1C4F3FA-EB77-4F09-877F-9BF2E6AEB1EF}.Debug|x86.ActiveCfg = Debug|Any CPU
		{B1C4F3FA-EB77-4F09-877F-9BF2E6AEB1EF}.Debug|x86.Build.0 = Debug|Any CPU
		{B1C4F3FA-EB77-4F09-877F-9BF2E6AEB1EF}.Release|Any CPU.ActiveCfg = Release|Any CPU
		{B1C4F3FA-EB77-4F09-877F-9BF2E6AEB1EF}.Release|Any CPU.Build.0 = Release|Any CPU
		{B1C4F3FA-EB77-4F09-877F-9BF2E6AEB1EF}.Release|x64.ActiveCfg = Release|Any CPU
		{B1C4F3FA-EB77-4F09-877F-9BF2E6AEB1EF}.Release|x64.Build.0 = Release|Any CPU
		{B1C4F3FA-EB77-4F09-877F-9BF2E6AEB1EF}.Release|x86.ActiveCfg = Release|Any CPU
		{B1C4F3FA-EB77-4F09-877F-9BF2E6AEB1EF}.Release|x86.Build.0 = Release|Any CPU
		{332491CE-D200-46C8-BEB9-4D82D7773743}.Debug|Any CPU.ActiveCfg = Debug|Any CPU
		{332491CE-D200-46C8-BEB9-4D82D7773743}.Debug|Any CPU.Build.0 = Debug|Any CPU
		{332491CE-D200-46C8-BEB9-4D82D7773743}.Debug|x64.ActiveCfg = Debug|Any CPU
		{332491CE-D200-46C8-BEB9-4D82D7773743}.Debug|x64.Build.0 = Debug|Any CPU
		{332491CE-D200-46C8-BEB9-4D82D7773743}.Debug|x86.ActiveCfg = Debug|Any CPU
		{332491CE-D200-46C8-BEB9-4D82D7773743}.Debug|x86.Build.0 = Debug|Any CPU
		{332491CE-D200-46C8-BEB9-4D82D7773743}.Release|Any CPU.ActiveCfg = Release|Any CPU
		{332491CE-D200-46C8-BEB9-4D82D7773743}.Release|Any CPU.Build.0 = Release|Any CPU
		{332491CE-D200-46C8-BEB9-4D82D7773743}.Release|x64.ActiveCfg = Release|Any CPU
		{332491CE-D200-46C8-BEB9-4D82D7773743}.Release|x64.Build.0 = Release|Any CPU
		{332491CE-D200-46C8-BEB9-4D82D7773743}.Release|x86.ActiveCfg = Release|Any CPU
		{332491CE-D200-46C8-BEB9-4D82D7773743}.Release|x86.Build.0 = Release|Any CPU
		{0BB4970E-ED6A-4C1F-805A-AFAD3B471014}.Debug|Any CPU.ActiveCfg = Debug|Any CPU
		{0BB4970E-ED6A-4C1F-805A-AFAD3B471014}.Debug|Any CPU.Build.0 = Debug|Any CPU
		{0BB4970E-ED6A-4C1F-805A-AFAD3B471014}.Debug|x64.ActiveCfg = Debug|Any CPU
		{0BB4970E-ED6A-4C1F-805A-AFAD3B471014}.Debug|x64.Build.0 = Debug|Any CPU
		{0BB4970E-ED6A-4C1F-805A-AFAD3B471014}.Debug|x86.ActiveCfg = Debug|Any CPU
		{0BB4970E-ED6A-4C1F-805A-AFAD3B471014}.Debug|x86.Build.0 = Debug|Any CPU
		{0BB4970E-ED6A-4C1F-805A-AFAD3B471014}.Release|Any CPU.ActiveCfg = Release|Any CPU
		{0BB4970E-ED6A-4C1F-805A-AFAD3B471014}.Release|Any CPU.Build.0 = Release|Any CPU
		{0BB4970E-ED6A-4C1F-805A-AFAD3B471014}.Release|x64.ActiveCfg = Release|Any CPU
		{0BB4970E-ED6A-4C1F-805A-AFAD3B471014}.Release|x64.Build.0 = Release|Any CPU
		{0BB4970E-ED6A-4C1F-805A-AFAD3B471014}.Release|x86.ActiveCfg = Release|Any CPU
		{0BB4970E-ED6A-4C1F-805A-AFAD3B471014}.Release|x86.Build.0 = Release|Any CPU
		{F9BB01F2-C2A9-43CD-B48D-D61953F047D3}.Debug|Any CPU.ActiveCfg = Debug|Any CPU
		{F9BB01F2-C2A9-43CD-B48D-D61953F047D3}.Debug|Any CPU.Build.0 = Debug|Any CPU
		{F9BB01F2-C2A9-43CD-B48D-D61953F047D3}.Debug|x64.ActiveCfg = Debug|Any CPU
		{F9BB01F2-C2A9-43CD-B48D-D61953F047D3}.Debug|x64.Build.0 = Debug|Any CPU
		{F9BB01F2-C2A9-43CD-B48D-D61953F047D3}.Debug|x86.ActiveCfg = Debug|Any CPU
		{F9BB01F2-C2A9-43CD-B48D-D61953F047D3}.Debug|x86.Build.0 = Debug|Any CPU
		{F9BB01F2-C2A9-43CD-B48D-D61953F047D3}.Release|Any CPU.ActiveCfg = Release|Any CPU
		{F9BB01F2-C2A9-43CD-B48D-D61953F047D3}.Release|Any CPU.Build.0 = Release|Any CPU
		{F9BB01F2-C2A9-43CD-B48D-D61953F047D3}.Release|x64.ActiveCfg = Release|Any CPU
		{F9BB01F2-C2A9-43CD-B48D-D61953F047D3}.Release|x64.Build.0 = Release|Any CPU
		{F9BB01F2-C2A9-43CD-B48D-D61953F047D3}.Release|x86.ActiveCfg = Release|Any CPU
		{F9BB01F2-C2A9-43CD-B48D-D61953F047D3}.Release|x86.Build.0 = Release|Any CPU
		{2F2A2224-9B93-4259-8C0D-70926A6BE515}.Debug|Any CPU.ActiveCfg = Debug|Any CPU
		{2F2A2224-9B93-4259-8C0D-70926A6BE515}.Debug|Any CPU.Build.0 = Debug|Any CPU
		{2F2A2224-9B93-4259-8C0D-70926A6BE515}.Debug|x64.ActiveCfg = Debug|Any CPU
		{2F2A2224-9B93-4259-8C0D-70926A6BE515}.Debug|x64.Build.0 = Debug|Any CPU
		{2F2A2224-9B93-4259-8C0D-70926A6BE515}.Debug|x86.ActiveCfg = Debug|Any CPU
		{2F2A2224-9B93-4259-8C0D-70926A6BE515}.Debug|x86.Build.0 = Debug|Any CPU
		{2F2A2224-9B93-4259-8C0D-70926A6BE515}.Release|Any CPU.ActiveCfg = Release|Any CPU
		{2F2A2224-9B93-4259-8C0D-70926A6BE515}.Release|Any CPU.Build.0 = Release|Any CPU
		{2F2A2224-9B93-4259-8C0D-70926A6BE515}.Release|x64.ActiveCfg = Release|Any CPU
		{2F2A2224-9B93-4259-8C0D-70926A6BE515}.Release|x64.Build.0 = Release|Any CPU
		{2F2A2224-9B93-4259-8C0D-70926A6BE515}.Release|x86.ActiveCfg = Release|Any CPU
		{2F2A2224-9B93-4259-8C0D-70926A6BE515}.Release|x86.Build.0 = Release|Any CPU
		{9F76F940-9CEB-4F47-814F-1DA61DE754B9}.Debug|Any CPU.ActiveCfg = Debug|Any CPU
		{9F76F940-9CEB-4F47-814F-1DA61DE754B9}.Debug|Any CPU.Build.0 = Debug|Any CPU
		{9F76F940-9CEB-4F47-814F-1DA61DE754B9}.Debug|x64.ActiveCfg = Debug|Any CPU
		{9F76F940-9CEB-4F47-814F-1DA61DE754B9}.Debug|x64.Build.0 = Debug|Any CPU
		{9F76F940-9CEB-4F47-814F-1DA61DE754B9}.Debug|x86.ActiveCfg = Debug|Any CPU
		{9F76F940-9CEB-4F47-814F-1DA61DE754B9}.Debug|x86.Build.0 = Debug|Any CPU
		{9F76F940-9CEB-4F47-814F-1DA61DE754B9}.Release|Any CPU.ActiveCfg = Release|Any CPU
		{9F76F940-9CEB-4F47-814F-1DA61DE754B9}.Release|Any CPU.Build.0 = Release|Any CPU
		{9F76F940-9CEB-4F47-814F-1DA61DE754B9}.Release|x64.ActiveCfg = Release|Any CPU
		{9F76F940-9CEB-4F47-814F-1DA61DE754B9}.Release|x64.Build.0 = Release|Any CPU
		{9F76F940-9CEB-4F47-814F-1DA61DE754B9}.Release|x86.ActiveCfg = Release|Any CPU
		{9F76F940-9CEB-4F47-814F-1DA61DE754B9}.Release|x86.Build.0 = Release|Any CPU
		{5C7FBF88-3345-43E4-B366-F95AF56FB42A}.Debug|Any CPU.ActiveCfg = Debug|Any CPU
		{5C7FBF88-3345-43E4-B366-F95AF56FB42A}.Debug|Any CPU.Build.0 = Debug|Any CPU
		{5C7FBF88-3345-43E4-B366-F95AF56FB42A}.Debug|x64.ActiveCfg = Debug|Any CPU
		{5C7FBF88-3345-43E4-B366-F95AF56FB42A}.Debug|x64.Build.0 = Debug|Any CPU
		{5C7FBF88-3345-43E4-B366-F95AF56FB42A}.Debug|x86.ActiveCfg = Debug|Any CPU
		{5C7FBF88-3345-43E4-B366-F95AF56FB42A}.Debug|x86.Build.0 = Debug|Any CPU
		{5C7FBF88-3345-43E4-B366-F95AF56FB42A}.Release|Any CPU.ActiveCfg = Release|Any CPU
		{5C7FBF88-3345-43E4-B366-F95AF56FB42A}.Release|Any CPU.Build.0 = Release|Any CPU
		{5C7FBF88-3345-43E4-B366-F95AF56FB42A}.Release|x64.ActiveCfg = Release|Any CPU
		{5C7FBF88-3345-43E4-B366-F95AF56FB42A}.Release|x64.Build.0 = Release|Any CPU
		{5C7FBF88-3345-43E4-B366-F95AF56FB42A}.Release|x86.ActiveCfg = Release|Any CPU
		{5C7FBF88-3345-43E4-B366-F95AF56FB42A}.Release|x86.Build.0 = Release|Any CPU
		{2E2DA6F5-2816-4135-AB6B-52917F7E7FB5}.Debug|Any CPU.ActiveCfg = Debug|Any CPU
		{2E2DA6F5-2816-4135-AB6B-52917F7E7FB5}.Debug|Any CPU.Build.0 = Debug|Any CPU
		{2E2DA6F5-2816-4135-AB6B-52917F7E7FB5}.Debug|x64.ActiveCfg = Debug|Any CPU
		{2E2DA6F5-2816-4135-AB6B-52917F7E7FB5}.Debug|x64.Build.0 = Debug|Any CPU
		{2E2DA6F5-2816-4135-AB6B-52917F7E7FB5}.Debug|x86.ActiveCfg = Debug|Any CPU
		{2E2DA6F5-2816-4135-AB6B-52917F7E7FB5}.Debug|x86.Build.0 = Debug|Any CPU
		{2E2DA6F5-2816-4135-AB6B-52917F7E7FB5}.Release|Any CPU.ActiveCfg = Release|Any CPU
		{2E2DA6F5-2816-4135-AB6B-52917F7E7FB5}.Release|Any CPU.Build.0 = Release|Any CPU
		{2E2DA6F5-2816-4135-AB6B-52917F7E7FB5}.Release|x64.ActiveCfg = Release|Any CPU
		{2E2DA6F5-2816-4135-AB6B-52917F7E7FB5}.Release|x64.Build.0 = Release|Any CPU
		{2E2DA6F5-2816-4135-AB6B-52917F7E7FB5}.Release|x86.ActiveCfg = Release|Any CPU
		{2E2DA6F5-2816-4135-AB6B-52917F7E7FB5}.Release|x86.Build.0 = Release|Any CPU
		{173BD9C5-758C-49EA-868F-6E12C099DB7F}.Debug|Any CPU.ActiveCfg = Debug|Any CPU
		{173BD9C5-758C-49EA-868F-6E12C099DB7F}.Debug|Any CPU.Build.0 = Debug|Any CPU
		{173BD9C5-758C-49EA-868F-6E12C099DB7F}.Debug|x64.ActiveCfg = Debug|Any CPU
		{173BD9C5-758C-49EA-868F-6E12C099DB7F}.Debug|x64.Build.0 = Debug|Any CPU
		{173BD9C5-758C-49EA-868F-6E12C099DB7F}.Debug|x86.ActiveCfg = Debug|Any CPU
		{173BD9C5-758C-49EA-868F-6E12C099DB7F}.Debug|x86.Build.0 = Debug|Any CPU
		{173BD9C5-758C-49EA-868F-6E12C099DB7F}.Release|Any CPU.ActiveCfg = Release|Any CPU
		{173BD9C5-758C-49EA-868F-6E12C099DB7F}.Release|Any CPU.Build.0 = Release|Any CPU
		{173BD9C5-758C-49EA-868F-6E12C099DB7F}.Release|x64.ActiveCfg = Release|Any CPU
		{173BD9C5-758C-49EA-868F-6E12C099DB7F}.Release|x64.Build.0 = Release|Any CPU
		{173BD9C5-758C-49EA-868F-6E12C099DB7F}.Release|x86.ActiveCfg = Release|Any CPU
		{173BD9C5-758C-49EA-868F-6E12C099DB7F}.Release|x86.Build.0 = Release|Any CPU
	EndGlobalSection
	GlobalSection(SolutionProperties) = preSolution
		HideSolutionNode = FALSE
	EndGlobalSection
	GlobalSection(NestedProjects) = preSolution
		{ADC9AAAC-52C3-4926-9FD3-476D69C40D6F} = {F9120AAC-CAA1-4088-81D1-D33EEBDB02D9}
		{B1C4F3FA-EB77-4F09-877F-9BF2E6AEB1EF} = {F9120AAC-CAA1-4088-81D1-D33EEBDB02D9}
		{332491CE-D200-46C8-BEB9-4D82D7773743} = {F9120AAC-CAA1-4088-81D1-D33EEBDB02D9}
		{0BB4970E-ED6A-4C1F-805A-AFAD3B471014} = {F9120AAC-CAA1-4088-81D1-D33EEBDB02D9}
		{F9BB01F2-C2A9-43CD-B48D-D61953F047D3} = {F9120AAC-CAA1-4088-81D1-D33EEBDB02D9}
		{2F2A2224-9B93-4259-8C0D-70926A6BE515} = {F9120AAC-CAA1-4088-81D1-D33EEBDB02D9}
		{9F76F940-9CEB-4F47-814F-1DA61DE754B9} = {F9120AAC-CAA1-4088-81D1-D33EEBDB02D9}
		{5C7FBF88-3345-43E4-B366-F95AF56FB42A} = {F7330D54-A40C-44E4-A248-663BE114B9B6}
		{2E2DA6F5-2816-4135-AB6B-52917F7E7FB5} = {F7330D54-A40C-44E4-A248-663BE114B9B6}
		{173BD9C5-758C-49EA-868F-6E12C099DB7F} = {F7330D54-A40C-44E4-A248-663BE114B9B6}
	EndGlobalSection
	GlobalSection(ExtensibilityGlobals) = postSolution
		SolutionGuid = {1CC1FD92-3FE4-440A-8651-CF864903192A}
	EndGlobalSection
EndGlobal
